[[package]]
name = "pycairo"
version = "1.22.0"
description = "Python interface for cairo"
category = "main"
optional = false
python-versions = ">=3.7"

[[package]]
name = "pygobject"
version = "3.42.2"
description = "Python bindings for GObject Introspection"
category = "main"
optional = false
python-versions = ">=3.6, <4"

[package.dependencies]
pycairo = ">=1.16,<2.0"

[metadata]
lock-version = "1.1"
python-versions = "^3.10"
content-hash = "6152485442bd56c6f07437027fb36d4b55924374d1ec63b27ea3dee0b00505a1"

[metadata.files]
pycairo = [
    {file = "pycairo-1.22.0-cp310-cp310-win32.whl", hash = "sha256:5a62cf1d2c6339028709a600d83c0c24111feedeef3cf977bca333fbb94a79c8"},
    {file = "pycairo-1.22.0-cp310-cp310-win_amd64.whl", hash = "sha256:62ce5e8c97eeee70170ba9a74845a0ded4bde9b7f1701d88957cbadf8cb1ccd6"},
    {file = "pycairo-1.22.0-cp311-cp311-win32.whl", hash = "sha256:356c9fc665e8522f497b6cbe026ad8decacbb04c93e13fd5d145956433f3d471"},
    {file = "pycairo-1.22.0-cp311-cp311-win_amd64.whl", hash = "sha256:b85807ec65a8b7966aca7aa41c39016b72515d6401a874a4b52c314471b31865"},
    {file = "pycairo-1.22.0-cp37-cp37m-win32.whl", hash = "sha256:9fbe26b3fbe85fde063070e543b4a5f3609569ca8f79680867cecb837d5be29c"},
    {file = "pycairo-1.22.0-cp37-cp37m-win_amd64.whl", hash = "sha256:00c8a6b92c5075ee3be7ea1d33f676d259f11f92cad7e37077dd193437c8c27c"},
    {file = "pycairo-1.22.0-cp38-cp38-win32.whl", hash = "sha256:47aed13e950345c8248f77c8a51bff52188bef7afd3d5169584e0eddc21ba341"},
    {file = "pycairo-1.22.0-cp38-cp38-win_amd64.whl", hash = "sha256:e81189414c11340134bffa6dcb06a378976cb87a6742f39aaefc79cb27612250"},
    {file = "pycairo-1.22.0-cp39-cp39-win32.whl", hash = "sha256:e31a5b70664c425f4d1b71ba8aaf259920de6937a9490132ffabadad2a89764f"},
    {file = "pycairo-1.22.0-cp39-cp39-win_amd64.whl", hash = "sha256:007ae728c56b9a0962d8c5513ae967a4fceff03e022940383c20f4f3d4c48dbe"},
    {file = "pycairo-1.22.0.tar.gz", hash = "sha256:b34517abdf619d4c7f0274f012b398d9b03bab7adc3efd2912bf36be3f911f3f"},
]
pygobject = [
    {file = "PyGObject-3.42.2.tar.gz", hash = "sha256:21524cef33100c8fd59dc135948b703d79d303e368ce71fa60521cc971cd8aa7"},
]
